
Microsoft Visual Studio Solution File, Format Version 12.00
# Visual Studio Version 16
VisualStudioVersion = 16.0.29609.76
MinimumVisualStudioVersion = 10.0.40219.1
Project("{9A19103F-16F7-4668-BE54-9A1E7A4F7556}") = "TodoList", "TodoList.csproj", "{CF0ABCA6-80DC-4271-A1D2-35D3A46A4560}"
EndProject
Global
	GlobalSection(SolutionConfigurationPlatforms) = preSolution
		Debug|Any CPU = Debug|Any CPU
		Release|Any CPU = Release|Any CPU
	EndGlobalSection
	GlobalSection(ProjectConfigurationPlatforms) = postSolution
		{CF0ABCA6-80DC-4271-A1D2-35D3A46A4560}.Debug|Any CPU.ActiveCfg = Debug|Any CPU
		{CF0ABCA6-80DC-4271-A1D2-35D3A46A4560}.Debug|Any CPU.Build.0 = Debug|Any CPU
		{CF0ABCA6-80DC-4271-A1D2-35D3A46A4560}.Release|Any CPU.ActiveCfg = Release|Any CPU
		{CF0ABCA6-80DC-4271-A1D2-35D3A46A4560}.Release|Any CPU.Build.0 = Release|Any CPU
	EndGlobalSection
	GlobalSection(SolutionProperties) = preSolution
		HideSolutionNode = FALSE
	EndGlobalSection
	GlobalSection(ExtensibilityGlobals) = postSolution
		SolutionGuid = {765ECFE4-A19C-4A46-8820-835EE3D6C1CB}
	EndGlobalSection
EndGlobal
